// !$*UTF8*$!
{
	archiveVersion = 1;
	classes = {
	};
	objectVersion = 56;
	objects = {

/* Begin PBXBuildFile section */
		884D01582AF8378000722EC6 /* qeditoApp.swift in Sources */ = {isa = PBXBuildFile; fileRef = 884D01572AF8378000722EC6 /* qeditoApp.swift */; };
		884D015A2AF8378000722EC6 /* ContentView.swift in Sources */ = {isa = PBXBuildFile; fileRef = 884D01592AF8378000722EC6 /* ContentView.swift */; };
		884D015E2AF8378100722EC6 /* Assets.xcassets in Resources */ = {isa = PBXBuildFile; fileRef = 884D015D2AF8378100722EC6 /* Assets.xcassets */; };
		884D01612AF8378100722EC6 /* Preview Assets.xcassets in Resources */ = {isa = PBXBuildFile; fileRef = 884D01602AF8378100722EC6 /* Preview Assets.xcassets */; };
		884D016B2AF837DE00722EC6 /* Question.swift in Sources */ = {isa = PBXBuildFile; fileRef = 884D016A2AF837DD00722EC6 /* Question.swift */; };
		884D016D2AF8385100722EC6 /* QTopic.swift in Sources */ = {isa = PBXBuildFile; fileRef = 884D016C2AF8385100722EC6 /* QTopic.swift */; };
		884D016F2AF8435E00722EC6 /* EditQTopicView.swift in Sources */ = {isa = PBXBuildFile; fileRef = 884D016E2AF8435E00722EC6 /* EditQTopicView.swift */; };
		884D01712AF84DE300722EC6 /* QTopicListingView.swift in Sources */ = {isa = PBXBuildFile; fileRef = 884D01702AF84DE300722EC6 /* QTopicListingView.swift */; };
/* End PBXBuildFile section */

/* Begin PBXFileReference section */
		884D01542AF8378000722EC6 /* qedito.app */ = {isa = PBXFileReference; explicitFileType = wrapper.application; includeInIndex = 0; path = qedito.app; sourceTree = BUILT_PRODUCTS_DIR; };
		884D01572AF8378000722EC6 /* qeditoApp.swift */ = {isa = PBXFileReference; lastKnownFileType = sourcecode.swift; path = qeditoApp.swift; sourceTree = "<group>"; };
		884D01592AF8378000722EC6 /* ContentView.swift */ = {isa = PBXFileReference; lastKnownFileType = sourcecode.swift; path = ContentView.swift; sourceTree = "<group>"; };
		884D015D2AF8378100722EC6 /* Assets.xcassets */ = {isa = PBXFileReference; lastKnownFileType = folder.assetcatalog; path = Assets.xcassets; sourceTree = "<group>"; };
		884D01602AF8378100722EC6 /* Preview Assets.xcassets */ = {isa = PBXFileReference; lastKnownFileType = folder.assetcatalog; path = "Preview Assets.xcassets"; sourceTree = "<group>"; };
		884D01622AF8378100722EC6 /* qedito.entitlements */ = {isa = PBXFileReference; lastKnownFileType = text.plist.entitlements; path = qedito.entitlements; sourceTree = "<group>"; };
		884D016A2AF837DD00722EC6 /* Question.swift */ = {isa = PBXFileReference; fileEncoding = 4; lastKnownFileType = sourcecode.swift; path = Question.swift; sourceTree = "<group>"; };
		884D016C2AF8385100722EC6 /* QTopic.swift */ = {isa = PBXFileReference; lastKnownFileType = sourcecode.swift; path = QTopic.swift; sourceTree = "<group>"; };
		884D016E2AF8435E00722EC6 /* EditQTopicView.swift */ = {isa = PBXFileReference; lastKnownFileType = sourcecode.swift; path = EditQTopicView.swift; sourceTree = "<group>"; };
		884D01702AF84DE300722EC6 /* QTopicListingView.swift */ = {isa = PBXFileReference; fileEncoding = 4; lastKnownFileType = sourcecode.swift; path = QTopicListingView.swift; sourceTree = "<group>"; };
/* End PBXFileReference section */

/* Begin PBXFrameworksBuildPhase section */
		884D01512AF8378000722EC6 /* Frameworks */ = {
			isa = PBXFrameworksBuildPhase;
			buildActionMask = 2147483647;
			files = (
			);
			runOnlyForDeploymentPostprocessing = 0;
		};
/* End PBXFrameworksBuildPhase section */

/* Begin PBXGroup section */
		884D014B2AF8378000722EC6 = {
			isa = PBXGroup;
			children = (
				884D01562AF8378000722EC6 /* qedito */,
				884D01552AF8378000722EC6 /* Products */,
			);
			sourceTree = "<group>";
		};
		884D01552AF8378000722EC6 /* Products */ = {
			isa = PBXGroup;
			children = (
				884D01542AF8378000722EC6 /* qedito.app */,
			);
			name = Products;
			sourceTree = "<group>";
		};
		884D01562AF8378000722EC6 /* qedito */ = {
			isa = PBXGroup;
			children = (
				884D01572AF8378000722EC6 /* qeditoApp.swift */,
				884D016A2AF837DD00722EC6 /* Question.swift */,
				884D016C2AF8385100722EC6 /* QTopic.swift */,
				884D01702AF84DE300722EC6 /* QTopicListingView.swift */,
				884D01592AF8378000722EC6 /* ContentView.swift */,
				884D016E2AF8435E00722EC6 /* EditQTopicView.swift */,
				884D015D2AF8378100722EC6 /* Assets.xcassets */,
				884D01622AF8378100722EC6 /* qedito.entitlements */,
				884D015F2AF8378100722EC6 /* Preview Content */,
			);
			path = qedito;
			sourceTree = "<group>";
		};
		884D015F2AF8378100722EC6 /* Preview Content */ = {
			isa = PBXGroup;
			children = (
				884D01602AF8378100722EC6 /* Preview Assets.xcassets */,
			);
			path = "Preview Content";
			sourceTree = "<group>";
		};
/* End PBXGroup section */

/* Begin PBXNativeTarget section */
		884D01532AF8378000722EC6 /* qedito */ = {
			isa = PBXNativeTarget;
			buildConfigurationList = 884D01652AF8378100722EC6 /* Build configuration list for PBXNativeTarget "qedito" */;
			buildPhases = (
				884D01502AF8378000722EC6 /* Sources */,
				884D01512AF8378000722EC6 /* Frameworks */,
				884D01522AF8378000722EC6 /* Resources */,
			);
			buildRules = (
			);
			dependencies = (
			);
			name = qedito;
			productName = qedito;
			productReference = 884D01542AF8378000722EC6 /* qedito.app */;
			productType = "com.apple.product-type.application";
		};
/* End PBXNativeTarget section */

/* Begin PBXProject section */
		884D014C2AF8378000722EC6 /* Project object */ = {
			isa = PBXProject;
			attributes = {
				BuildIndependentTargetsInParallel = 1;
				LastSwiftUpdateCheck = 1500;
				LastUpgradeCheck = 1500;
				TargetAttributes = {
					884D01532AF8378000722EC6 = {
						CreatedOnToolsVersion = 15.0.1;
					};
				};
			};
			buildConfigurationList = 884D014F2AF8378000722EC6 /* Build configuration list for PBXProject "qedito" */;
			compatibilityVersion = "Xcode 14.0";
			developmentRegion = en;
			hasScannedForEncodings = 0;
			knownRegions = (
				en,
				Base,
			);
			mainGroup = 884D014B2AF8378000722EC6;
			productRefGroup = 884D01552AF8378000722EC6 /* Products */;
			projectDirPath = "";
			projectRoot = "";
			targets = (
				884D01532AF8378000722EC6 /* qedito */,
			);
		};
/* End PBXProject section */

/* Begin PBXResourcesBuildPhase section */
		884D01522AF8378000722EC6 /* Resources */ = {
			isa = PBXResourcesBuildPhase;
			buildActionMask = 2147483647;
			files = (
				884D01612AF8378100722EC6 /* Preview Assets.xcassets in Resources */,
				884D015E2AF8378100722EC6 /* Assets.xcassets in Resources */,
			);
			runOnlyForDeploymentPostprocessing = 0;
		};
/* End PBXResourcesBuildPhase section */

/* Begin PBXSourcesBuildPhase section */
		884D01502AF8378000722EC6 /* Sources */ = {
			isa = PBXSourcesBuildPhase;
			buildActionMask = 2147483647;
			files = (
				884D015A2AF8378000722EC6 /* ContentView.swift in Sources */,
				884D016B2AF837DE00722EC6 /* Question.swift in Sources */,
				884D01582AF8378000722EC6 /* qeditoApp.swift in Sources */,
				884D016F2AF8435E00722EC6 /* EditQTopicView.swift in Sources */,
				884D01712AF84DE300722EC6 /* QTopicListingView.swift in Sources */,
				884D016D2AF8385100722EC6 /* QTopic.swift in Sources */,
			);
			runOnlyForDeploymentPostprocessing = 0;
		};
/* End PBXSourcesBuildPhase section */

/* Begin XCBuildConfiguration section */
		884D01632AF8378100722EC6 /* Debug */ = {
			isa = XCBuildConfiguration;
			buildSettings = {
				ALWAYS_SEARCH_USER_PATHS = NO;
				ASSETCATALOG_COMPILER_GENERATE_SWIFT_ASSET_SYMBOL_EXTENSIONS = YES;
				CLANG_ANALYZER_NONNULL = YES;
				CLANG_ANALYZER_NUMBER_OBJECT_CONVERSION = YES_AGGRESSIVE;
				CLANG_CXX_LANGUAGE_STANDARD = "gnu++20";
				CLANG_ENABLE_MODULES = YES;
				CLANG_ENABLE_OBJC_ARC = YES;
				CLANG_ENABLE_OBJC_WEAK = YES;
				CLANG_WARN_BLOCK_CAPTURE_AUTORELEASING = YES;
				CLANG_WARN_BOOL_CONVERSION = YES;
				CLANG_WARN_COMMA = YES;
				CLANG_WARN_CONSTANT_CONVERSION = YES;
				CLANG_WARN_DEPRECATED_OBJC_IMPLEMENTATIONS = YES;
				CLANG_WARN_DIRECT_OBJC_ISA_USAGE = YES_ERROR;
				CLANG_WARN_DOCUMENTATION_COMMENTS = YES;
				CLANG_WARN_EMPTY_BODY = YES;
				CLANG_WARN_ENUM_CONVERSION = YES;
				CLANG_WARN_INFINITE_RECURSION = YES;
				CLANG_WARN_INT_CONVERSION = YES;
				CLANG_WARN_NON_LITERAL_NULL_CONVERSION = YES;
				CLANG_WARN_OBJC_IMPLICIT_RETAIN_SELF = YES;
				CLANG_WARN_OBJC_LITERAL_CONVERSION = YES;
				CLANG_WARN_OBJC_ROOT_CLASS = YES_ERROR;
				CLANG_WARN_QUOTED_INCLUDE_IN_FRAMEWORK_HEADER = YES;
				CLANG_WARN_RANGE_LOOP_ANALYSIS = YES;
				CLANG_WARN_STRICT_PROTOTYPES = YES;
				CLANG_WARN_SUSPICIOUS_MOVE = YES;
				CLANG_WARN_UNGUARDED_AVAILABILITY = YES_AGGRESSIVE;
				CLANG_WARN_UNREACHABLE_CODE = YES;
				CLANG_WARN__DUPLICATE_METHOD_MATCH = YES;
				COPY_PHASE_STRIP = NO;
				DEBUG_INFORMATION_FORMAT = dwarf;
				ENABLE_STRICT_OBJC_MSGSEND = YES;
				ENABLE_TESTABILITY = YES;
				ENABLE_USER_SCRIPT_SANDBOXING = YES;
				GCC_C_LANGUAGE_STANDARD = gnu17;
				GCC_DYNAMIC_NO_PIC = NO;
				GCC_NO_COMMON_BLOCKS = YES;
				GCC_OPTIMIZATION_LEVEL = 0;
				GCC_PREPROCESSOR_DEFINITIONS = (
					"DEBUG=1",
					"$(inherited)",
				);
				GCC_WARN_64_TO_32_BIT_CONVERSION = YES;
				GCC_WARN_ABOUT_RETURN_TYPE = YES_ERROR;
				GCC_WARN_UNDECLARED_SELECTOR = YES;
				GCC_WARN_UNINITIALIZED_AUTOS = YES_AGGRESSIVE;
				GCC_WARN_UNUSED_FUNCTION = YES;
				GCC_WARN_UNUSED_VARIABLE = YES;
				LOCALIZATION_PREFERS_STRING_CATALOGS = YES;
				MACOSX_DEPLOYMENT_TARGET = 14.0;
				MTL_ENABLE_DEBUG_INFO = INCLUDE_SOURCE;
				MTL_FAST_MATH = YES;
				ONLY_ACTIVE_ARCH = YES;
				SDKROOT = macosx;
				SWIFT_ACTIVE_COMPILATION_CONDITIONS = "DEBUG $(inherited)";
				SWIFT_OPTIMIZATION_LEVEL = "-Onone";
			};
			name = Debug;
		};
		884D01642AF8378100722EC6 /* Release */ = {
			isa = XCBuildConfiguration;
			buildSettings = {
				ALWAYS_SEARCH_USER_PATHS = NO;
				ASSETCATALOG_COMPILER_GENERATE_SWIFT_ASSET_SYMBOL_EXTENSIONS = YES;
				CLANG_ANALYZER_NONNULL = YES;
				CLANG_ANALYZER_NUMBER_OBJECT_CONVERSION = YES_AGGRESSIVE;
				CLANG_CXX_LANGUAGE_STANDARD = "gnu++20";
				CLANG_ENABLE_MODULES = YES;
				CLANG_ENABLE_OBJC_ARC = YES;
				CLANG_ENABLE_OBJC_WEAK = YES;
				CLANG_WARN_BLOCK_CAPTURE_AUTORELEASING = YES;
				CLANG_WARN_BOOL_CONVERSION = YES;
				CLANG_WARN_COMMA = YES;
				CLANG_WARN_CONSTANT_CONVERSION = YES;
				CLANG_WARN_DEPRECATED_OBJC_IMPLEMENTATIONS = YES;
				CLANG_WARN_DIRECT_OBJC_ISA_USAGE = YES_ERROR;
				CLANG_WARN_DOCUMENTATION_COMMENTS = YES;
				CLANG_WARN_EMPTY_BODY = YES;
				CLANG_WARN_ENUM_CONVERSION = YES;
				CLANG_WARN_INFINITE_RECURSION = YES;
				CLANG_WARN_INT_CONVERSION = YES;
				CLANG_WARN_NON_LITERAL_NULL_CONVERSION = YES;
				CLANG_WARN_OBJC_IMPLICIT_RETAIN_SELF = YES;
				CLANG_WARN_OBJC_LITERAL_CONVERSION = YES;
				CLANG_WARN_OBJC_ROOT_CLASS = YES_ERROR;
				CLANG_WARN_QUOTED_INCLUDE_IN_FRAMEWORK_HEADER = YES;
				CLANG_WARN_RANGE_LOOP_ANALYSIS = YES;
				CLANG_WARN_STRICT_PROTOTYPES = YES;
				CLANG_WARN_SUSPICIOUS_MOVE = YES;
				CLANG_WARN_UNGUARDED_AVAILABILITY = YES_AGGRESSIVE;
				CLANG_WARN_UNREACHABLE_CODE = YES;
				CLANG_WARN__DUPLICATE_METHOD_MATCH = YES;
				COPY_PHASE_STRIP = NO;
				DEBUG_INFORMATION_FORMAT = "dwarf-with-dsym";
				ENABLE_NS_ASSERTIONS = NO;
				ENABLE_STRICT_OBJC_MSGSEND = YES;
				ENABLE_USER_SCRIPT_SANDBOXING = YES;
				GCC_C_LANGUAGE_STANDARD = gnu17;
				GCC_NO_COMMON_BLOCKS = YES;
				GCC_WARN_64_TO_32_BIT_CONVERSION = YES;
				GCC_WARN_ABOUT_RETURN_TYPE = YES_ERROR;
				GCC_WARN_UNDECLARED_SELECTOR = YES;
				GCC_WARN_UNINITIALIZED_AUTOS = YES_AGGRESSIVE;
				GCC_WARN_UNUSED_FUNCTION = YES;
				GCC_WARN_UNUSED_VARIABLE = YES;
				LOCALIZATION_PREFERS_STRING_CATALOGS = YES;
				MACOSX_DEPLOYMENT_TARGET = 14.0;
				MTL_ENABLE_DEBUG_INFO = NO;
				MTL_FAST_MATH = YES;
				SDKROOT = macosx;
				SWIFT_COMPILATION_MODE = wholemodule;
			};
			name = Release;
		};
		884D01662AF8378100722EC6 /* Debug */ = {
			isa = XCBuildConfiguration;
			buildSettings = {
				ASSETCATALOG_COMPILER_APPICON_NAME = AppIcon;
				ASSETCATALOG_COMPILER_GLOBAL_ACCENT_COLOR_NAME = AccentColor;
				CODE_SIGN_ENTITLEMENTS = qedito/qedito.entitlements;
				CODE_SIGN_STYLE = Automatic;
				COMBINE_HIDPI_IMAGES = YES;
				CURRENT_PROJECT_VERSION = 1;
				DEVELOPMENT_ASSET_PATHS = "\"qedito/Preview Content\"";
				DEVELOPMENT_TEAM = NEAY582ME4;
				ENABLE_HARDENED_RUNTIME = YES;
				ENABLE_PREVIEWS = YES;
				GENERATE_INFOPLIST_FILE = YES;
				INFOPLIST_KEY_NSHumanReadableCopyright = "";
				LD_RUNPATH_SEARCH_PATHS = (
					"$(inherited)",
					"@executable_path/../Frameworks",
				);
				MACOSX_DEPLOYMENT_TARGET = 14.0;
				MARKETING_VERSION = 1.0;
				PRODUCT_BUNDLE_IDENTIFIER = com.billdonner.qedito;
				PRODUCT_NAME = "$(TARGET_NAME)";
				SWIFT_EMIT_LOC_STRINGS = YES;
				SWIFT_VERSION = 5.0;
			};
			name = Debug;
		};
		884D01672AF8378100722EC6 /* Release */ = {
			isa = XCBuildConfiguration;
			buildSettings = {
				ASSETCATALOG_COMPILER_APPICON_NAME = AppIcon;
				ASSETCATALOG_COMPILER_GLOBAL_ACCENT_COLOR_NAME = AccentColor;
				CODE_SIGN_ENTITLEMENTS = qedito/qedito.entitlements;
				CODE_SIGN_STYLE = Automatic;
				COMBINE_HIDPI_IMAGES = YES;
				CURRENT_PROJECT_VERSION = 1;
				DEVELOPMENT_ASSET_PATHS = "\"qedito/Preview Content\"";
				DEVELOPMENT_TEAM = NEAY582ME4;
				ENABLE_HARDENED_RUNTIME = YES;
				ENABLE_PREVIEWS = YES;
				GENERATE_INFOPLIST_FILE = YES;
				INFOPLIST_KEY_NSHumanReadableCopyright = "";
				LD_RUNPATH_SEARCH_PATHS = (
					"$(inherited)",
					"@executable_path/../Frameworks",
				);
				MACOSX_DEPLOYMENT_TARGET = 14.0;
				MARKETING_VERSION = 1.0;
				PRODUCT_BUNDLE_IDENTIFIER = com.billdonner.qedito;
				PRODUCT_NAME = "$(TARGET_NAME)";
				SWIFT_EMIT_LOC_STRINGS = YES;
				SWIFT_VERSION = 5.0;
			};
			name = Release;
		};
/* End XCBuildConfiguration section */

/* Begin XCConfigurationList section */
		884D014F2AF8378000722EC6 /* Build configuration list for PBXProject "qedito" */ = {
			isa = XCConfigurationList;
			buildConfigurations = (
				884D01632AF8378100722EC6 /* Debug */,
				884D01642AF8378100722EC6 /* Release */,
			);
			defaultConfigurationIsVisible = 0;
			defaultConfigurationName = Release;
		};
		884D01652AF8378100722EC6 /* Build configuration list for PBXNativeTarget "qedito" */ = {
			isa = XCConfigurationList;
			buildConfigurations = (
				884D01662AF8378100722EC6 /* Debug */,
				884D01672AF8378100722EC6 /* Release */,
			);
			defaultConfigurationIsVisible = 0;
			defaultConfigurationName = Release;
		};
/* End XCConfigurationList section */
	};
	rootObject = 884D014C2AF8378000722EC6 /* Project object */;
}
